
Microsoft Visual Studio Solution File, Format Version 12.00
# Visual Studio 15
VisualStudioVersion = 15.0.26124.0
MinimumVisualStudioVersion = 15.0.26124.0
Project("{FAE04EC0-301F-11D3-BF4B-00C04F79EFBC}") = "API", "API/API.csproj", "{FD3C474C-7D2D-400A-8444-404FA02E218D}"
EndProject
Project("{FAE04EC0-301F-11D3-BF4B-00C04F79EFBC}") = "Application", "Application/Application.csproj", "{FC073592-5580-490B-93E1-F9A8D0508B8C}"
EndProject
Project("{FAE04EC0-301F-11D3-BF4B-00C04F79EFBC}") = "Persistence", "Persistence/Persistence.csproj", "{7C19EB39-7220-49D9-982E-0CB938ACA76F}"
EndProject
Project("{FAE04EC0-301F-11D3-BF4B-00C04F79EFBC}") = "Domain", "Domain/Domain.csproj", "{AFF05DF2-C0B0-44CC-BF52-72BCADFC7A05}"
EndProject
Global
	GlobalSection(SolutionConfigurationPlatforms) = preSolution
		Debug|Any CPU = Debug|Any CPU
		Debug|x64 = Debug|x64
		Debug|x86 = Debug|x86
		Release|Any CPU = Release|Any CPU
		Release|x64 = Release|x64
		Release|x86 = Release|x86
	EndGlobalSection
	GlobalSection(SolutionProperties) = preSolution
		HideSolutionNode = FALSE
	EndGlobalSection
	GlobalSection(ProjectConfigurationPlatforms) = postSolution
		{FD3C474C-7D2D-400A-8444-404FA02E218D}.Debug|Any CPU.ActiveCfg = Debug|Any CPU
		{FD3C474C-7D2D-400A-8444-404FA02E218D}.Debug|Any CPU.Build.0 = Debug|Any CPU
		{FD3C474C-7D2D-400A-8444-404FA02E218D}.Debug|x64.ActiveCfg = Debug|Any CPU
		{FD3C474C-7D2D-400A-8444-404FA02E218D}.Debug|x64.Build.0 = Debug|Any CPU
		{FD3C474C-7D2D-400A-8444-404FA02E218D}.Debug|x86.ActiveCfg = Debug|Any CPU
		{FD3C474C-7D2D-400A-8444-404FA02E218D}.Debug|x86.Build.0 = Debug|Any CPU
		{FD3C474C-7D2D-400A-8444-404FA02E218D}.Release|Any CPU.ActiveCfg = Release|Any CPU
		{FD3C474C-7D2D-400A-8444-404FA02E218D}.Release|Any CPU.Build.0 = Release|Any CPU
		{FD3C474C-7D2D-400A-8444-404FA02E218D}.Release|x64.ActiveCfg = Release|Any CPU
		{FD3C474C-7D2D-400A-8444-404FA02E218D}.Release|x64.Build.0 = Release|Any CPU
		{FD3C474C-7D2D-400A-8444-404FA02E218D}.Release|x86.ActiveCfg = Release|Any CPU
		{FD3C474C-7D2D-400A-8444-404FA02E218D}.Release|x86.Build.0 = Release|Any CPU
		{FC073592-5580-490B-93E1-F9A8D0508B8C}.Debug|Any CPU.ActiveCfg = Debug|Any CPU
		{FC073592-5580-490B-93E1-F9A8D0508B8C}.Debug|Any CPU.Build.0 = Debug|Any CPU
		{FC073592-5580-490B-93E1-F9A8D0508B8C}.Debug|x64.ActiveCfg = Debug|Any CPU
		{FC073592-5580-490B-93E1-F9A8D0508B8C}.Debug|x64.Build.0 = Debug|Any CPU
		{FC073592-5580-490B-93E1-F9A8D0508B8C}.Debug|x86.ActiveCfg = Debug|Any CPU
		{FC073592-5580-490B-93E1-F9A8D0508B8C}.Debug|x86.Build.0 = Debug|Any CPU
		{FC073592-5580-490B-93E1-F9A8D0508B8C}.Release|Any CPU.ActiveCfg = Release|Any CPU
		{FC073592-5580-490B-93E1-F9A8D0508B8C}.Release|Any CPU.Build.0 = Release|Any CPU
		{FC073592-5580-490B-93E1-F9A8D0508B8C}.Release|x64.ActiveCfg = Release|Any CPU
		{FC073592-5580-490B-93E1-F9A8D0508B8C}.Release|x64.Build.0 = Release|Any CPU
		{FC073592-5580-490B-93E1-F9A8D0508B8C}.Release|x86.ActiveCfg = Release|Any CPU
		{FC073592-5580-490B-93E1-F9A8D0508B8C}.Release|x86.Build.0 = Release|Any CPU
		{7C19EB39-7220-49D9-982E-0CB938ACA76F}.Debug|Any CPU.ActiveCfg = Debug|Any CPU
		{7C19EB39-7220-49D9-982E-0CB938ACA76F}.Debug|Any CPU.Build.0 = Debug|Any CPU
		{7C19EB39-7220-49D9-982E-0CB938ACA76F}.Debug|x64.ActiveCfg = Debug|Any CPU
		{7C19EB39-7220-49D9-982E-0CB938ACA76F}.Debug|x64.Build.0 = Debug|Any CPU
		{7C19EB39-7220-49D9-982E-0CB938ACA76F}.Debug|x86.ActiveCfg = Debug|Any CPU
		{7C19EB39-7220-49D9-982E-0CB938ACA76F}.Debug|x86.Build.0 = Debug|Any CPU
		{7C19EB39-7220-49D9-982E-0CB938ACA76F}.Release|Any CPU.ActiveCfg = Release|Any CPU
		{7C19EB39-7220-49D9-982E-0CB938ACA76F}.Release|Any CPU.Build.0 = Release|Any CPU
		{7C19EB39-7220-49D9-982E-0CB938ACA76F}.Release|x64.ActiveCfg = Release|Any CPU
		{7C19EB39-7220-49D9-982E-0CB938ACA76F}.Release|x64.Build.0 = Release|Any CPU
		{7C19EB39-7220-49D9-982E-0CB938ACA76F}.Release|x86.ActiveCfg = Release|Any CPU
		{7C19EB39-7220-49D9-982E-0CB938ACA76F}.Release|x86.Build.0 = Release|Any CPU
		{AFF05DF2-C0B0-44CC-BF52-72BCADFC7A05}.Debug|Any CPU.ActiveCfg = Debug|Any CPU
		{AFF05DF2-C0B0-44CC-BF52-72BCADFC7A05}.Debug|Any CPU.Build.0 = Debug|Any CPU
		{AFF05DF2-C0B0-44CC-BF52-72BCADFC7A05}.Debug|x64.ActiveCfg = Debug|Any CPU
		{AFF05DF2-C0B0-44CC-BF52-72BCADFC7A05}.Debug|x64.Build.0 = Debug|Any CPU
		{AFF05DF2-C0B0-44CC-BF52-72BCADFC7A05}.Debug|x86.ActiveCfg = Debug|Any CPU
		{AFF05DF2-C0B0-44CC-BF52-72BCADFC7A05}.Debug|x86.Build.0 = Debug|Any CPU
		{AFF05DF2-C0B0-44CC-BF52-72BCADFC7A05}.Release|Any CPU.ActiveCfg = Release|Any CPU
		{AFF05DF2-C0B0-44CC-BF52-72BCADFC7A05}.Release|Any CPU.Build.0 = Release|Any CPU
		{AFF05DF2-C0B0-44CC-BF52-72BCADFC7A05}.Release|x64.ActiveCfg = Release|Any CPU
		{AFF05DF2-C0B0-44CC-BF52-72BCADFC7A05}.Release|x64.Build.0 = Release|Any CPU
		{AFF05DF2-C0B0-44CC-BF52-72BCADFC7A05}.Release|x86.ActiveCfg = Release|Any CPU
		{AFF05DF2-C0B0-44CC-BF52-72BCADFC7A05}.Release|x86.Build.0 = Release|Any CPU
	EndGlobalSection
EndGlobal
